
Microsoft Visual Studio Solution File, Format Version 12.00
# Visual Studio Version 16
VisualStudioVersion = 16.0.29418.71
MinimumVisualStudioVersion = 10.0.40219.1
Project("{9A19103F-16F7-4668-BE54-9A1E7A4F7556}") = "Cards", "Cards\Cards.csproj", "{91B04699-0638-4393-817E-7C2AD30478EE}"
EndProject
Global
	GlobalSection(SolutionConfigurationPlatforms) = preSolution
		Debug|Any CPU = Debug|Any CPU
		Release|Any CPU = Release|Any CPU
	EndGlobalSection
	GlobalSection(ProjectConfigurationPlatforms) = postSolution
		{91B04699-0638-4393-817E-7C2AD30478EE}.Debug|Any CPU.ActiveCfg = Debug|Any CPU
		{91B04699-0638-4393-817E-7C2AD30478EE}.Debug|Any CPU.Build.0 = Debug|Any CPU
		{91B04699-0638-4393-817E-7C2AD30478EE}.Release|Any CPU.ActiveCfg = Release|Any CPU
		{91B04699-0638-4393-817E-7C2AD30478EE}.Release|Any CPU.Build.0 = Release|Any CPU
	EndGlobalSection
	GlobalSection(SolutionProperties) = preSolution
		HideSolutionNode = FALSE
	EndGlobalSection
	GlobalSection(ExtensibilityGlobals) = postSolution
		SolutionGuid = {ABF5C5CB-9D2E-4C45-B881-7FA94BB03395}
	EndGlobalSection
EndGlobal
